
Microsoft Visual Studio Solution File, Format Version 12.00
# Visual Studio Version 17
VisualStudioVersion = 17.4.33110.190
MinimumVisualStudioVersion = 10.0.40219.1
Project("{9A19103F-16F7-4668-BE54-9A1E7A4F7556}") = "Noted", "Noted.csproj", "{06A82FB0-1031-47D2-972B-95592FBCCC11}"
EndProject
Global
	GlobalSection(SolutionConfigurationPlatforms) = preSolution
		Debug|Any CPU = Debug|Any CPU
		Release|Any CPU = Release|Any CPU
	EndGlobalSection
	GlobalSection(ProjectConfigurationPlatforms) = postSolution
		{06A82FB0-1031-47D2-972B-95592FBCCC11}.Debug|Any CPU.ActiveCfg = Debug|Any CPU
		{06A82FB0-1031-47D2-972B-95592FBCCC11}.Debug|Any CPU.Build.0 = Debug|Any CPU
		{06A82FB0-1031-47D2-972B-95592FBCCC11}.Release|Any CPU.ActiveCfg = Release|Any CPU
		{06A82FB0-1031-47D2-972B-95592FBCCC11}.Release|Any CPU.Build.0 = Release|Any CPU
	EndGlobalSection
	GlobalSection(SolutionProperties) = preSolution
		HideSolutionNode = FALSE
	EndGlobalSection
	GlobalSection(ExtensibilityGlobals) = postSolution
		SolutionGuid = {B90BA0D3-117C-4DBE-9533-26A65F1698B6}
	EndGlobalSection
EndGlobal
